// !$*UTF8*$!
{
	archiveVersion = 1;
	classes = {
	};
	objectVersion = 56;
	objects = {

/* Begin PBXBuildFile section */
		E97F9A8E2AD8E85000790AC0 /* MeCardApp.swift in Sources */ = {isa = PBXBuildFile; fileRef = E97F9A8D2AD8E85000790AC0 /* MeCardApp.swift */; };
		E97F9A902AD8E85000790AC0 /* ContentView.swift in Sources */ = {isa = PBXBuildFile; fileRef = E97F9A8F2AD8E85000790AC0 /* ContentView.swift */; };
		E97F9A922AD8E85100790AC0 /* Assets.xcassets in Resources */ = {isa = PBXBuildFile; fileRef = E97F9A912AD8E85100790AC0 /* Assets.xcassets */; };
		E97F9A952AD8E85100790AC0 /* Preview Assets.xcassets in Resources */ = {isa = PBXBuildFile; fileRef = E97F9A942AD8E85100790AC0 /* Preview Assets.xcassets */; };
		E97F9A9F2AD8E85100790AC0 /* MeCardTests.swift in Sources */ = {isa = PBXBuildFile; fileRef = E97F9A9E2AD8E85100790AC0 /* MeCardTests.swift */; };
		E97F9AA92AD8E85100790AC0 /* MeCardUITests.swift in Sources */ = {isa = PBXBuildFile; fileRef = E97F9AA82AD8E85100790AC0 /* MeCardUITests.swift */; };
		E97F9AAB2AD8E85100790AC0 /* MeCardUITestsLaunchTests.swift in Sources */ = {isa = PBXBuildFile; fileRef = E97F9AAA2AD8E85100790AC0 /* MeCardUITestsLaunchTests.swift */; };
		E97F9AB82AD8ED7F00790AC0 /* SplashScreen.swift in Sources */ = {isa = PBXBuildFile; fileRef = E97F9AB72AD8ED7F00790AC0 /* SplashScreen.swift */; };
		E97F9ABA2AD8FCC900790AC0 /* PortfolioView.swift in Sources */ = {isa = PBXBuildFile; fileRef = E97F9AB92AD8FCC900790AC0 /* PortfolioView.swift */; };
		E97F9ABC2AD8FCE400790AC0 /* ContactView.swift in Sources */ = {isa = PBXBuildFile; fileRef = E97F9ABB2AD8FCE400790AC0 /* ContactView.swift */; };
/* End PBXBuildFile section */

/* Begin PBXContainerItemProxy section */
		E97F9A9B2AD8E85100790AC0 /* PBXContainerItemProxy */ = {
			isa = PBXContainerItemProxy;
			containerPortal = E97F9A822AD8E85000790AC0 /* Project object */;
			proxyType = 1;
			remoteGlobalIDString = E97F9A892AD8E85000790AC0;
			remoteInfo = MeCard;
		};
		E97F9AA52AD8E85100790AC0 /* PBXContainerItemProxy */ = {
			isa = PBXContainerItemProxy;
			containerPortal = E97F9A822AD8E85000790AC0 /* Project object */;
			proxyType = 1;
			remoteGlobalIDString = E97F9A892AD8E85000790AC0;
			remoteInfo = MeCard;
		};
/* End PBXContainerItemProxy section */

/* Begin PBXFileReference section */
		E97F9A8A2AD8E85000790AC0 /* MeCard.app */ = {isa = PBXFileReference; explicitFileType = wrapper.application; includeInIndex = 0; path = MeCard.app; sourceTree = BUILT_PRODUCTS_DIR; };
		E97F9A8D2AD8E85000790AC0 /* MeCardApp.swift */ = {isa = PBXFileReference; lastKnownFileType = sourcecode.swift; path = MeCardApp.swift; sourceTree = "<group>"; };
		E97F9A8F2AD8E85000790AC0 /* ContentView.swift */ = {isa = PBXFileReference; lastKnownFileType = sourcecode.swift; path = ContentView.swift; sourceTree = "<group>"; };
		E97F9A912AD8E85100790AC0 /* Assets.xcassets */ = {isa = PBXFileReference; lastKnownFileType = folder.assetcatalog; path = Assets.xcassets; sourceTree = "<group>"; };
		E97F9A942AD8E85100790AC0 /* Preview Assets.xcassets */ = {isa = PBXFileReference; lastKnownFileType = folder.assetcatalog; path = "Preview Assets.xcassets"; sourceTree = "<group>"; };
		E97F9A9A2AD8E85100790AC0 /* MeCardTests.xctest */ = {isa = PBXFileReference; explicitFileType = wrapper.cfbundle; includeInIndex = 0; path = MeCardTests.xctest; sourceTree = BUILT_PRODUCTS_DIR; };
		E97F9A9E2AD8E85100790AC0 /* MeCardTests.swift */ = {isa = PBXFileReference; lastKnownFileType = sourcecode.swift; path = MeCardTests.swift; sourceTree = "<group>"; };
		E97F9AA42AD8E85100790AC0 /* MeCardUITests.xctest */ = {isa = PBXFileReference; explicitFileType = wrapper.cfbundle; includeInIndex = 0; path = MeCardUITests.xctest; sourceTree = BUILT_PRODUCTS_DIR; };
		E97F9AA82AD8E85100790AC0 /* MeCardUITests.swift */ = {isa = PBXFileReference; lastKnownFileType = sourcecode.swift; path = MeCardUITests.swift; sourceTree = "<group>"; };
		E97F9AAA2AD8E85100790AC0 /* MeCardUITestsLaunchTests.swift */ = {isa = PBXFileReference; lastKnownFileType = sourcecode.swift; path = MeCardUITestsLaunchTests.swift; sourceTree = "<group>"; };
		E97F9AB72AD8ED7F00790AC0 /* SplashScreen.swift */ = {isa = PBXFileReference; lastKnownFileType = sourcecode.swift; path = SplashScreen.swift; sourceTree = "<group>"; };
		E97F9AB92AD8FCC900790AC0 /* PortfolioView.swift */ = {isa = PBXFileReference; lastKnownFileType = sourcecode.swift; path = PortfolioView.swift; sourceTree = "<group>"; };
		E97F9ABB2AD8FCE400790AC0 /* ContactView.swift */ = {isa = PBXFileReference; lastKnownFileType = sourcecode.swift; path = ContactView.swift; sourceTree = "<group>"; };
/* End PBXFileReference section */

/* Begin PBXFrameworksBuildPhase section */
		E97F9A872AD8E85000790AC0 /* Frameworks */ = {
			isa = PBXFrameworksBuildPhase;
			buildActionMask = 2147483647;
			files = (
			);
			runOnlyForDeploymentPostprocessing = 0;
		};
		E97F9A972AD8E85100790AC0 /* Frameworks */ = {
			isa = PBXFrameworksBuildPhase;
			buildActionMask = 2147483647;
			files = (
			);
			runOnlyForDeploymentPostprocessing = 0;
		};
		E97F9AA12AD8E85100790AC0 /* Frameworks */ = {
			isa = PBXFrameworksBuildPhase;
			buildActionMask = 2147483647;
			files = (
			);
			runOnlyForDeploymentPostprocessing = 0;
		};
/* End PBXFrameworksBuildPhase section */

/* Begin PBXGroup section */
		E97F9A812AD8E85000790AC0 = {
			isa = PBXGroup;
			children = (
				E97F9ABB2AD8FCE400790AC0 /* ContactView.swift */,
				E97F9AB92AD8FCC900790AC0 /* PortfolioView.swift */,
				E97F9AB72AD8ED7F00790AC0 /* SplashScreen.swift */,
				E97F9A8C2AD8E85000790AC0 /* MeCard */,
				E97F9A9D2AD8E85100790AC0 /* MeCardTests */,
				E97F9AA72AD8E85100790AC0 /* MeCardUITests */,
				E97F9A8B2AD8E85000790AC0 /* Products */,
			);
			sourceTree = "<group>";
		};
		E97F9A8B2AD8E85000790AC0 /* Products */ = {
			isa = PBXGroup;
			children = (
				E97F9A8A2AD8E85000790AC0 /* MeCard.app */,
				E97F9A9A2AD8E85100790AC0 /* MeCardTests.xctest */,
				E97F9AA42AD8E85100790AC0 /* MeCardUITests.xctest */,
			);
			name = Products;
			sourceTree = "<group>";
		};
		E97F9A8C2AD8E85000790AC0 /* MeCard */ = {
			isa = PBXGroup;
			children = (
				E97F9A8D2AD8E85000790AC0 /* MeCardApp.swift */,
				E97F9A8F2AD8E85000790AC0 /* ContentView.swift */,
				E97F9A912AD8E85100790AC0 /* Assets.xcassets */,
				E97F9A932AD8E85100790AC0 /* Preview Content */,
			);
			path = MeCard;
			sourceTree = "<group>";
		};
		E97F9A932AD8E85100790AC0 /* Preview Content */ = {
			isa = PBXGroup;
			children = (
				E97F9A942AD8E85100790AC0 /* Preview Assets.xcassets */,
			);
			path = "Preview Content";
			sourceTree = "<group>";
		};
		E97F9A9D2AD8E85100790AC0 /* MeCardTests */ = {
			isa = PBXGroup;
			children = (
				E97F9A9E2AD8E85100790AC0 /* MeCardTests.swift */,
			);
			path = MeCardTests;
			sourceTree = "<group>";
		};
		E97F9AA72AD8E85100790AC0 /* MeCardUITests */ = {
			isa = PBXGroup;
			children = (
				E97F9AA82AD8E85100790AC0 /* MeCardUITests.swift */,
				E97F9AAA2AD8E85100790AC0 /* MeCardUITestsLaunchTests.swift */,
			);
			path = MeCardUITests;
			sourceTree = "<group>";
		};
/* End PBXGroup section */

/* Begin PBXNativeTarget section */
		E97F9A892AD8E85000790AC0 /* MeCard */ = {
			isa = PBXNativeTarget;
			buildConfigurationList = E97F9AAE2AD8E85100790AC0 /* Build configuration list for PBXNativeTarget "MeCard" */;
			buildPhases = (
				E97F9A862AD8E85000790AC0 /* Sources */,
				E97F9A872AD8E85000790AC0 /* Frameworks */,
				E97F9A882AD8E85000790AC0 /* Resources */,
			);
			buildRules = (
			);
			dependencies = (
			);
			name = MeCard;
			productName = MeCard;
			productReference = E97F9A8A2AD8E85000790AC0 /* MeCard.app */;
			productType = "com.apple.product-type.application";
		};
		E97F9A992AD8E85100790AC0 /* MeCardTests */ = {
			isa = PBXNativeTarget;
			buildConfigurationList = E97F9AB12AD8E85100790AC0 /* Build configuration list for PBXNativeTarget "MeCardTests" */;
			buildPhases = (
				E97F9A962AD8E85100790AC0 /* Sources */,
				E97F9A972AD8E85100790AC0 /* Frameworks */,
				E97F9A982AD8E85100790AC0 /* Resources */,
			);
			buildRules = (
			);
			dependencies = (
				E97F9A9C2AD8E85100790AC0 /* PBXTargetDependency */,
			);
			name = MeCardTests;
			productName = MeCardTests;
			productReference = E97F9A9A2AD8E85100790AC0 /* MeCardTests.xctest */;
			productType = "com.apple.product-type.bundle.unit-test";
		};
		E97F9AA32AD8E85100790AC0 /* MeCardUITests */ = {
			isa = PBXNativeTarget;
			buildConfigurationList = E97F9AB42AD8E85100790AC0 /* Build configuration list for PBXNativeTarget "MeCardUITests" */;
			buildPhases = (
				E97F9AA02AD8E85100790AC0 /* Sources */,
				E97F9AA12AD8E85100790AC0 /* Frameworks */,
				E97F9AA22AD8E85100790AC0 /* Resources */,
			);
			buildRules = (
			);
			dependencies = (
				E97F9AA62AD8E85100790AC0 /* PBXTargetDependency */,
			);
			name = MeCardUITests;
			productName = MeCardUITests;
			productReference = E97F9AA42AD8E85100790AC0 /* MeCardUITests.xctest */;
			productType = "com.apple.product-type.bundle.ui-testing";
		};
/* End PBXNativeTarget section */

/* Begin PBXProject section */
		E97F9A822AD8E85000790AC0 /* Project object */ = {
			isa = PBXProject;
			attributes = {
				BuildIndependentTargetsInParallel = 1;
				LastSwiftUpdateCheck = 1500;
				LastUpgradeCheck = 1500;
				TargetAttributes = {
					E97F9A892AD8E85000790AC0 = {
						CreatedOnToolsVersion = 15.0;
					};
					E97F9A992AD8E85100790AC0 = {
						CreatedOnToolsVersion = 15.0;
						TestTargetID = E97F9A892AD8E85000790AC0;
					};
					E97F9AA32AD8E85100790AC0 = {
						CreatedOnToolsVersion = 15.0;
						TestTargetID = E97F9A892AD8E85000790AC0;
					};
				};
			};
			buildConfigurationList = E97F9A852AD8E85000790AC0 /* Build configuration list for PBXProject "MeCard" */;
			compatibilityVersion = "Xcode 14.0";
			developmentRegion = en;
			hasScannedForEncodings = 0;
			knownRegions = (
				en,
				Base,
			);
			mainGroup = E97F9A812AD8E85000790AC0;
			productRefGroup = E97F9A8B2AD8E85000790AC0 /* Products */;
			projectDirPath = "";
			projectRoot = "";
			targets = (
				E97F9A892AD8E85000790AC0 /* MeCard */,
				E97F9A992AD8E85100790AC0 /* MeCardTests */,
				E97F9AA32AD8E85100790AC0 /* MeCardUITests */,
			);
		};
/* End PBXProject section */

/* Begin PBXResourcesBuildPhase section */
		E97F9A882AD8E85000790AC0 /* Resources */ = {
			isa = PBXResourcesBuildPhase;
			buildActionMask = 2147483647;
			files = (
				E97F9A952AD8E85100790AC0 /* Preview Assets.xcassets in Resources */,
				E97F9A922AD8E85100790AC0 /* Assets.xcassets in Resources */,
			);
			runOnlyForDeploymentPostprocessing = 0;
		};
		E97F9A982AD8E85100790AC0 /* Resources */ = {
			isa = PBXResourcesBuildPhase;
			buildActionMask = 2147483647;
			files = (
			);
			runOnlyForDeploymentPostprocessing = 0;
		};
		E97F9AA22AD8E85100790AC0 /* Resources */ = {
			isa = PBXResourcesBuildPhase;
			buildActionMask = 2147483647;
			files = (
			);
			runOnlyForDeploymentPostprocessing = 0;
		};
/* End PBXResourcesBuildPhase section */

/* Begin PBXSourcesBuildPhase section */
		E97F9A862AD8E85000790AC0 /* Sources */ = {
			isa = PBXSourcesBuildPhase;
			buildActionMask = 2147483647;
			files = (
				E97F9AB82AD8ED7F00790AC0 /* SplashScreen.swift in Sources */,
				E97F9A902AD8E85000790AC0 /* ContentView.swift in Sources */,
				E97F9A8E2AD8E85000790AC0 /* MeCardApp.swift in Sources */,
				E97F9ABC2AD8FCE400790AC0 /* ContactView.swift in Sources */,
				E97F9ABA2AD8FCC900790AC0 /* PortfolioView.swift in Sources */,
			);
			runOnlyForDeploymentPostprocessing = 0;
		};
		E97F9A962AD8E85100790AC0 /* Sources */ = {
			isa = PBXSourcesBuildPhase;
			buildActionMask = 2147483647;
			files = (
				E97F9A9F2AD8E85100790AC0 /* MeCardTests.swift in Sources */,
			);
			runOnlyForDeploymentPostprocessing = 0;
		};
		E97F9AA02AD8E85100790AC0 /* Sources */ = {
			isa = PBXSourcesBuildPhase;
			buildActionMask = 2147483647;
			files = (
				E97F9AAB2AD8E85100790AC0 /* MeCardUITestsLaunchTests.swift in Sources */,
				E97F9AA92AD8E85100790AC0 /* MeCardUITests.swift in Sources */,
			);
			runOnlyForDeploymentPostprocessing = 0;
		};
/* End PBXSourcesBuildPhase section */

/* Begin PBXTargetDependency section */
		E97F9A9C2AD8E85100790AC0 /* PBXTargetDependency */ = {
			isa = PBXTargetDependency;
			target = E97F9A892AD8E85000790AC0 /* MeCard */;
			targetProxy = E97F9A9B2AD8E85100790AC0 /* PBXContainerItemProxy */;
		};
		E97F9AA62AD8E85100790AC0 /* PBXTargetDependency */ = {
			isa = PBXTargetDependency;
			target = E97F9A892AD8E85000790AC0 /* MeCard */;
			targetProxy = E97F9AA52AD8E85100790AC0 /* PBXContainerItemProxy */;
		};
/* End PBXTargetDependency section */

/* Begin XCBuildConfiguration section */
		E97F9AAC2AD8E85100790AC0 /* Debug */ = {
			isa = XCBuildConfiguration;
			buildSettings = {
				ALWAYS_SEARCH_USER_PATHS = NO;
				ASSETCATALOG_COMPILER_GENERATE_SWIFT_ASSET_SYMBOL_EXTENSIONS = YES;
				CLANG_ANALYZER_NONNULL = YES;
				CLANG_ANALYZER_NUMBER_OBJECT_CONVERSION = YES_AGGRESSIVE;
				CLANG_CXX_LANGUAGE_STANDARD = "gnu++20";
				CLANG_ENABLE_MODULES = YES;
				CLANG_ENABLE_OBJC_ARC = YES;
				CLANG_ENABLE_OBJC_WEAK = YES;
				CLANG_WARN_BLOCK_CAPTURE_AUTORELEASING = YES;
				CLANG_WARN_BOOL_CONVERSION = YES;
				CLANG_WARN_COMMA = YES;
				CLANG_WARN_CONSTANT_CONVERSION = YES;
				CLANG_WARN_DEPRECATED_OBJC_IMPLEMENTATIONS = YES;
				CLANG_WARN_DIRECT_OBJC_ISA_USAGE = YES_ERROR;
				CLANG_WARN_DOCUMENTATION_COMMENTS = YES;
				CLANG_WARN_EMPTY_BODY = YES;
				CLANG_WARN_ENUM_CONVERSION = YES;
				CLANG_WARN_INFINITE_RECURSION = YES;
				CLANG_WARN_INT_CONVERSION = YES;
				CLANG_WARN_NON_LITERAL_NULL_CONVERSION = YES;
				CLANG_WARN_OBJC_IMPLICIT_RETAIN_SELF = YES;
				CLANG_WARN_OBJC_LITERAL_CONVERSION = YES;
				CLANG_WARN_OBJC_ROOT_CLASS = YES_ERROR;
				CLANG_WARN_QUOTED_INCLUDE_IN_FRAMEWORK_HEADER = YES;
				CLANG_WARN_RANGE_LOOP_ANALYSIS = YES;
				CLANG_WARN_STRICT_PROTOTYPES = YES;
				CLANG_WARN_SUSPICIOUS_MOVE = YES;
				CLANG_WARN_UNGUARDED_AVAILABILITY = YES_AGGRESSIVE;
				CLANG_WARN_UNREACHABLE_CODE = YES;
				CLANG_WARN__DUPLICATE_METHOD_MATCH = YES;
				COPY_PHASE_STRIP = NO;
				DEBUG_INFORMATION_FORMAT = dwarf;
				ENABLE_STRICT_OBJC_MSGSEND = YES;
				ENABLE_TESTABILITY = YES;
				ENABLE_USER_SCRIPT_SANDBOXING = YES;
				GCC_C_LANGUAGE_STANDARD = gnu17;
				GCC_DYNAMIC_NO_PIC = NO;
				GCC_NO_COMMON_BLOCKS = YES;
				GCC_OPTIMIZATION_LEVEL = 0;
				GCC_PREPROCESSOR_DEFINITIONS = (
					"DEBUG=1",
					"$(inherited)",
				);
				GCC_WARN_64_TO_32_BIT_CONVERSION = YES;
				GCC_WARN_ABOUT_RETURN_TYPE = YES_ERROR;
				GCC_WARN_UNDECLARED_SELECTOR = YES;
				GCC_WARN_UNINITIALIZED_AUTOS = YES_AGGRESSIVE;
				GCC_WARN_UNUSED_FUNCTION = YES;
				GCC_WARN_UNUSED_VARIABLE = YES;
				IPHONEOS_DEPLOYMENT_TARGET = 17.0;
				LOCALIZATION_PREFERS_STRING_CATALOGS = YES;
				MTL_ENABLE_DEBUG_INFO = INCLUDE_SOURCE;
				MTL_FAST_MATH = YES;
				ONLY_ACTIVE_ARCH = YES;
				SDKROOT = iphoneos;
				SWIFT_ACTIVE_COMPILATION_CONDITIONS = "DEBUG $(inherited)";
				SWIFT_OPTIMIZATION_LEVEL = "-Onone";
			};
			name = Debug;
		};
		E97F9AAD2AD8E85100790AC0 /* Release */ = {
			isa = XCBuildConfiguration;
			buildSettings = {
				ALWAYS_SEARCH_USER_PATHS = NO;
				ASSETCATALOG_COMPILER_GENERATE_SWIFT_ASSET_SYMBOL_EXTENSIONS = YES;
				CLANG_ANALYZER_NONNULL = YES;
				CLANG_ANALYZER_NUMBER_OBJECT_CONVERSION = YES_AGGRESSIVE;
				CLANG_CXX_LANGUAGE_STANDARD = "gnu++20";
				CLANG_ENABLE_MODULES = YES;
				CLANG_ENABLE_OBJC_ARC = YES;
				CLANG_ENABLE_OBJC_WEAK = YES;
				CLANG_WARN_BLOCK_CAPTURE_AUTORELEASING = YES;
				CLANG_WARN_BOOL_CONVERSION = YES;
				CLANG_WARN_COMMA = YES;
				CLANG_WARN_CONSTANT_CONVERSION = YES;
				CLANG_WARN_DEPRECATED_OBJC_IMPLEMENTATIONS = YES;
				CLANG_WARN_DIRECT_OBJC_ISA_USAGE = YES_ERROR;
				CLANG_WARN_DOCUMENTATION_COMMENTS = YES;
				CLANG_WARN_EMPTY_BODY = YES;
				CLANG_WARN_ENUM_CONVERSION = YES;
				CLANG_WARN_INFINITE_RECURSION = YES;
				CLANG_WARN_INT_CONVERSION = YES;
				CLANG_WARN_NON_LITERAL_NULL_CONVERSION = YES;
				CLANG_WARN_OBJC_IMPLICIT_RETAIN_SELF = YES;
				CLANG_WARN_OBJC_LITERAL_CONVERSION = YES;
				CLANG_WARN_OBJC_ROOT_CLASS = YES_ERROR;
				CLANG_WARN_QUOTED_INCLUDE_IN_FRAMEWORK_HEADER = YES;
				CLANG_WARN_RANGE_LOOP_ANALYSIS = YES;
				CLANG_WARN_STRICT_PROTOTYPES = YES;
				CLANG_WARN_SUSPICIOUS_MOVE = YES;
				CLANG_WARN_UNGUARDED_AVAILABILITY = YES_AGGRESSIVE;
				CLANG_WARN_UNREACHABLE_CODE = YES;
				CLANG_WARN__DUPLICATE_METHOD_MATCH = YES;
				COPY_PHASE_STRIP = NO;
				DEBUG_INFORMATION_FORMAT = "dwarf-with-dsym";
				ENABLE_NS_ASSERTIONS = NO;
				ENABLE_STRICT_OBJC_MSGSEND = YES;
				ENABLE_USER_SCRIPT_SANDBOXING = YES;
				GCC_C_LANGUAGE_STANDARD = gnu17;
				GCC_NO_COMMON_BLOCKS = YES;
				GCC_WARN_64_TO_32_BIT_CONVERSION = YES;
				GCC_WARN_ABOUT_RETURN_TYPE = YES_ERROR;
				GCC_WARN_UNDECLARED_SELECTOR = YES;
				GCC_WARN_UNINITIALIZED_AUTOS = YES_AGGRESSIVE;
				GCC_WARN_UNUSED_FUNCTION = YES;
				GCC_WARN_UNUSED_VARIABLE = YES;
				IPHONEOS_DEPLOYMENT_TARGET = 17.0;
				LOCALIZATION_PREFERS_STRING_CATALOGS = YES;
				MTL_ENABLE_DEBUG_INFO = NO;
				MTL_FAST_MATH = YES;
				SDKROOT = iphoneos;
				SWIFT_COMPILATION_MODE = wholemodule;
				VALIDATE_PRODUCT = YES;
			};
			name = Release;
		};
		E97F9AAF2AD8E85100790AC0 /* Debug */ = {
			isa = XCBuildConfiguration;
			buildSettings = {
				ASSETCATALOG_COMPILER_APPICON_NAME = AppIcon;
				ASSETCATALOG_COMPILER_GLOBAL_ACCENT_COLOR_NAME = AccentColor;
				CODE_SIGN_STYLE = Automatic;
				CURRENT_PROJECT_VERSION = 1;
				DEVELOPMENT_ASSET_PATHS = "\"MeCard/Preview Content\"";
				DEVELOPMENT_TEAM = 622ZCXDBLB;
				ENABLE_PREVIEWS = YES;
				GENERATE_INFOPLIST_FILE = YES;
				INFOPLIST_KEY_UIApplicationSceneManifest_Generation = YES;
				INFOPLIST_KEY_UIApplicationSupportsIndirectInputEvents = YES;
				INFOPLIST_KEY_UILaunchScreen_Generation = YES;
				INFOPLIST_KEY_UISupportedInterfaceOrientations_iPad = "UIInterfaceOrientationPortrait UIInterfaceOrientationPortraitUpsideDown UIInterfaceOrientationLandscapeLeft UIInterfaceOrientationLandscapeRight";
				INFOPLIST_KEY_UISupportedInterfaceOrientations_iPhone = "UIInterfaceOrientationPortrait UIInterfaceOrientationLandscapeLeft UIInterfaceOrientationLandscapeRight";
				LD_RUNPATH_SEARCH_PATHS = (
					"$(inherited)",
					"@executable_path/Frameworks",
				);
				MARKETING_VERSION = 1.0;
				PRODUCT_BUNDLE_IDENTIFIER = GustavoGonzalez.MeCard;
				PRODUCT_NAME = "$(TARGET_NAME)";
				SWIFT_EMIT_LOC_STRINGS = YES;
				SWIFT_VERSION = 5.0;
				TARGETED_DEVICE_FAMILY = "1,2";
			};
			name = Debug;
		};
		E97F9AB02AD8E85100790AC0 /* Release */ = {
			isa = XCBuildConfiguration;
			buildSettings = {
				ASSETCATALOG_COMPILER_APPICON_NAME = AppIcon;
				ASSETCATALOG_COMPILER_GLOBAL_ACCENT_COLOR_NAME = AccentColor;
				CODE_SIGN_STYLE = Automatic;
				CURRENT_PROJECT_VERSION = 1;
				DEVELOPMENT_ASSET_PATHS = "\"MeCard/Preview Content\"";
				DEVELOPMENT_TEAM = 622ZCXDBLB;
				ENABLE_PREVIEWS = YES;
				GENERATE_INFOPLIST_FILE = YES;
				INFOPLIST_KEY_UIApplicationSceneManifest_Generation = YES;
				INFOPLIST_KEY_UIApplicationSupportsIndirectInputEvents = YES;
				INFOPLIST_KEY_UILaunchScreen_Generation = YES;
				INFOPLIST_KEY_UISupportedInterfaceOrientations_iPad = "UIInterfaceOrientationPortrait UIInterfaceOrientationPortraitUpsideDown UIInterfaceOrientationLandscapeLeft UIInterfaceOrientationLandscapeRight";
				INFOPLIST_KEY_UISupportedInterfaceOrientations_iPhone = "UIInterfaceOrientationPortrait UIInterfaceOrientationLandscapeLeft UIInterfaceOrientationLandscapeRight";
				LD_RUNPATH_SEARCH_PATHS = (
					"$(inherited)",
					"@executable_path/Frameworks",
				);
				MARKETING_VERSION = 1.0;
				PRODUCT_BUNDLE_IDENTIFIER = GustavoGonzalez.MeCard;
				PRODUCT_NAME = "$(TARGET_NAME)";
				SWIFT_EMIT_LOC_STRINGS = YES;
				SWIFT_VERSION = 5.0;
				TARGETED_DEVICE_FAMILY = "1,2";
			};
			name = Release;
		};
		E97F9AB22AD8E85100790AC0 /* Debug */ = {
			isa = XCBuildConfiguration;
			buildSettings = {
				ALWAYS_EMBED_SWIFT_STANDARD_LIBRARIES = YES;
				BUNDLE_LOADER = "$(TEST_HOST)";
				CODE_SIGN_STYLE = Automatic;
				CURRENT_PROJECT_VERSION = 1;
				DEVELOPMENT_TEAM = 622ZCXDBLB;
				GENERATE_INFOPLIST_FILE = YES;
				IPHONEOS_DEPLOYMENT_TARGET = 17.0;
				MARKETING_VERSION = 1.0;
				PRODUCT_BUNDLE_IDENTIFIER = GustavoGonzalez.MeCardTests;
				PRODUCT_NAME = "$(TARGET_NAME)";
				SWIFT_EMIT_LOC_STRINGS = NO;
				SWIFT_VERSION = 5.0;
				TARGETED_DEVICE_FAMILY = "1,2";
				TEST_HOST = "$(BUILT_PRODUCTS_DIR)/MeCard.app/$(BUNDLE_EXECUTABLE_FOLDER_PATH)/MeCard";
			};
			name = Debug;
		};
		E97F9AB32AD8E85100790AC0 /* Release */ = {
			isa = XCBuildConfiguration;
			buildSettings = {
				ALWAYS_EMBED_SWIFT_STANDARD_LIBRARIES = YES;
				BUNDLE_LOADER = "$(TEST_HOST)";
				CODE_SIGN_STYLE = Automatic;
				CURRENT_PROJECT_VERSION = 1;
				DEVELOPMENT_TEAM = 622ZCXDBLB;
				GENERATE_INFOPLIST_FILE = YES;
				IPHONEOS_DEPLOYMENT_TARGET = 17.0;
				MARKETING_VERSION = 1.0;
				PRODUCT_BUNDLE_IDENTIFIER = GustavoGonzalez.MeCardTests;
				PRODUCT_NAME = "$(TARGET_NAME)";
				SWIFT_EMIT_LOC_STRINGS = NO;
				SWIFT_VERSION = 5.0;
				TARGETED_DEVICE_FAMILY = "1,2";
				TEST_HOST = "$(BUILT_PRODUCTS_DIR)/MeCard.app/$(BUNDLE_EXECUTABLE_FOLDER_PATH)/MeCard";
			};
			name = Release;
		};
		E97F9AB52AD8E85100790AC0 /* Debug */ = {
			isa = XCBuildConfiguration;
			buildSettings = {
				ALWAYS_EMBED_SWIFT_STANDARD_LIBRARIES = YES;
				CODE_SIGN_STYLE = Automatic;
				CURRENT_PROJECT_VERSION = 1;
				DEVELOPMENT_TEAM = 622ZCXDBLB;
				GENERATE_INFOPLIST_FILE = YES;
				MARKETING_VERSION = 1.0;
				PRODUCT_BUNDLE_IDENTIFIER = GustavoGonzalez.MeCardUITests;
				PRODUCT_NAME = "$(TARGET_NAME)";
				SWIFT_EMIT_LOC_STRINGS = NO;
				SWIFT_VERSION = 5.0;
				TARGETED_DEVICE_FAMILY = "1,2";
				TEST_TARGET_NAME = MeCard;
			};
			name = Debug;
		};
		E97F9AB62AD8E85100790AC0 /* Release */ = {
			isa = XCBuildConfiguration;
			buildSettings = {
				ALWAYS_EMBED_SWIFT_STANDARD_LIBRARIES = YES;
				CODE_SIGN_STYLE = Automatic;
				CURRENT_PROJECT_VERSION = 1;
				DEVELOPMENT_TEAM = 622ZCXDBLB;
				GENERATE_INFOPLIST_FILE = YES;
				MARKETING_VERSION = 1.0;
				PRODUCT_BUNDLE_IDENTIFIER = GustavoGonzalez.MeCardUITests;
				PRODUCT_NAME = "$(TARGET_NAME)";
				SWIFT_EMIT_LOC_STRINGS = NO;
				SWIFT_VERSION = 5.0;
				TARGETED_DEVICE_FAMILY = "1,2";
				TEST_TARGET_NAME = MeCard;
			};
			name = Release;
		};
/* End XCBuildConfiguration section */

/* Begin XCConfigurationList section */
		E97F9A852AD8E85000790AC0 /* Build configuration list for PBXProject "MeCard" */ = {
			isa = XCConfigurationList;
			buildConfigurations = (
				E97F9AAC2AD8E85100790AC0 /* Debug */,
				E97F9AAD2AD8E85100790AC0 /* Release */,
			);
			defaultConfigurationIsVisible = 0;
			defaultConfigurationName = Release;
		};
		E97F9AAE2AD8E85100790AC0 /* Build configuration list for PBXNativeTarget "MeCard" */ = {
			isa = XCConfigurationList;
			buildConfigurations = (
				E97F9AAF2AD8E85100790AC0 /* Debug */,
				E97F9AB02AD8E85100790AC0 /* Release */,
			);
			defaultConfigurationIsVisible = 0;
			defaultConfigurationName = Release;
		};
		E97F9AB12AD8E85100790AC0 /* Build configuration list for PBXNativeTarget "MeCardTests" */ = {
			isa = XCConfigurationList;
			buildConfigurations = (
				E97F9AB22AD8E85100790AC0 /* Debug */,
				E97F9AB32AD8E85100790AC0 /* Release */,
			);
			defaultConfigurationIsVisible = 0;
			defaultConfigurationName = Release;
		};
		E97F9AB42AD8E85100790AC0 /* Build configuration list for PBXNativeTarget "MeCardUITests" */ = {
			isa = XCConfigurationList;
			buildConfigurations = (
				E97F9AB52AD8E85100790AC0 /* Debug */,
				E97F9AB62AD8E85100790AC0 /* Release */,
			);
			defaultConfigurationIsVisible = 0;
			defaultConfigurationName = Release;
		};
/* End XCConfigurationList section */
	};
	rootObject = E97F9A822AD8E85000790AC0 /* Project object */;
}
